
Microsoft Visual Studio Solution File, Format Version 12.00
# Visual Studio 15
VisualStudioVersion = 15.0.28307.102
MinimumVisualStudioVersion = 10.0.40219.1
Project("{FAE04EC0-301F-11D3-BF4B-00C04F79EFBC}") = "DNACoder.Core", "DNACoder.Core\DNACoder.Core.csproj", "{D4E7A946-26BA-41D5-AC49-ADFD1641DC6E}"
EndProject
Project("{FAE04EC0-301F-11D3-BF4B-00C04F79EFBC}") = "DNACoder.Wpf", "DNACoder.Wpf\DNACoder.Wpf.csproj", "{225F2FE9-861A-42D9-9F0C-60AECB8F4A73}"
EndProject
Global
	GlobalSection(SolutionConfigurationPlatforms) = preSolution
		Debug|Any CPU = Debug|Any CPU
		Release|Any CPU = Release|Any CPU
	EndGlobalSection
	GlobalSection(ProjectConfigurationPlatforms) = postSolution
		{D4E7A946-26BA-41D5-AC49-ADFD1641DC6E}.Debug|Any CPU.ActiveCfg = Debug|Any CPU
		{D4E7A946-26BA-41D5-AC49-ADFD1641DC6E}.Debug|Any CPU.Build.0 = Debug|Any CPU
		{D4E7A946-26BA-41D5-AC49-ADFD1641DC6E}.Release|Any CPU.ActiveCfg = Release|Any CPU
		{D4E7A946-26BA-41D5-AC49-ADFD1641DC6E}.Release|Any CPU.Build.0 = Release|Any CPU
		{225F2FE9-861A-42D9-9F0C-60AECB8F4A73}.Debug|Any CPU.ActiveCfg = Debug|Any CPU
		{225F2FE9-861A-42D9-9F0C-60AECB8F4A73}.Debug|Any CPU.Build.0 = Debug|Any CPU
		{225F2FE9-861A-42D9-9F0C-60AECB8F4A73}.Release|Any CPU.ActiveCfg = Release|Any CPU
		{225F2FE9-861A-42D9-9F0C-60AECB8F4A73}.Release|Any CPU.Build.0 = Release|Any CPU
	EndGlobalSection
	GlobalSection(SolutionProperties) = preSolution
		HideSolutionNode = FALSE
	EndGlobalSection
	GlobalSection(ExtensibilityGlobals) = postSolution
		SolutionGuid = {C18347DB-643C-47D0-B9D3-FF94130970B7}
	EndGlobalSection
EndGlobal
